
Microsoft Visual Studio Solution File, Format Version 12.00
# Visual Studio Version 17
VisualStudioVersion = 17.1.32421.90
MinimumVisualStudioVersion = 10.0.40219.1
Project("{FAE04EC0-301F-11D3-BF4B-00C04F79EFBC}") = "WebTestingFramework.Tests", "WebTestingFramework.Tests\WebTestingFramework.Tests.csproj", "{B9816C6C-EDCC-4295-8048-7E4A5A3ABBC6}"
EndProject
Project("{FAE04EC0-301F-11D3-BF4B-00C04F79EFBC}") = "WebTestingFramework", "WebTestingFramework\WebTestingFramework.csproj", "{4779264C-0227-4154-BDDC-8BACAFA3A50A}"
EndProject
Global
	GlobalSection(SolutionConfigurationPlatforms) = preSolution
		Debug|Any CPU = Debug|Any CPU
		Release|Any CPU = Release|Any CPU
	EndGlobalSection
	GlobalSection(ProjectConfigurationPlatforms) = postSolution
		{B9816C6C-EDCC-4295-8048-7E4A5A3ABBC6}.Debug|Any CPU.ActiveCfg = Debug|Any CPU
		{B9816C6C-EDCC-4295-8048-7E4A5A3ABBC6}.Debug|Any CPU.Build.0 = Debug|Any CPU
		{B9816C6C-EDCC-4295-8048-7E4A5A3ABBC6}.Release|Any CPU.ActiveCfg = Release|Any CPU
		{B9816C6C-EDCC-4295-8048-7E4A5A3ABBC6}.Release|Any CPU.Build.0 = Release|Any CPU
		{4779264C-0227-4154-BDDC-8BACAFA3A50A}.Debug|Any CPU.ActiveCfg = Debug|Any CPU
		{4779264C-0227-4154-BDDC-8BACAFA3A50A}.Debug|Any CPU.Build.0 = Debug|Any CPU
		{4779264C-0227-4154-BDDC-8BACAFA3A50A}.Release|Any CPU.ActiveCfg = Release|Any CPU
		{4779264C-0227-4154-BDDC-8BACAFA3A50A}.Release|Any CPU.Build.0 = Release|Any CPU
	EndGlobalSection
	GlobalSection(SolutionProperties) = preSolution
		HideSolutionNode = FALSE
	EndGlobalSection
	GlobalSection(ExtensibilityGlobals) = postSolution
		SolutionGuid = {0BB822E6-3F5F-4DE9-A9E4-953C317DD595}
	EndGlobalSection
EndGlobal
